
Microsoft Visual Studio Solution File, Format Version 12.00
# Visual Studio 15
VisualStudioVersion = 15.0.28307.421
MinimumVisualStudioVersion = 10.0.40219.1
Project("{FAE04EC0-301F-11D3-BF4B-00C04F79EFBC}") = "Lab_01", "Lab_01\Lab_01.csproj", "{4D198D60-65CC-423B-AE24-BA883A219B71}"
EndProject
Global
	GlobalSection(SolutionConfigurationPlatforms) = preSolution
		Debug|Any CPU = Debug|Any CPU
		Release|Any CPU = Release|Any CPU
	EndGlobalSection
	GlobalSection(ProjectConfigurationPlatforms) = postSolution
		{4D198D60-65CC-423B-AE24-BA883A219B71}.Debug|Any CPU.ActiveCfg = Debug|Any CPU
		{4D198D60-65CC-423B-AE24-BA883A219B71}.Debug|Any CPU.Build.0 = Debug|Any CPU
		{4D198D60-65CC-423B-AE24-BA883A219B71}.Release|Any CPU.ActiveCfg = Release|Any CPU
		{4D198D60-65CC-423B-AE24-BA883A219B71}.Release|Any CPU.Build.0 = Release|Any CPU
	EndGlobalSection
	GlobalSection(SolutionProperties) = preSolution
		HideSolutionNode = FALSE
	EndGlobalSection
	GlobalSection(ExtensibilityGlobals) = postSolution
		SolutionGuid = {08D66A6E-7C2C-4E77-B4AE-47F4A6ABA88C}
	EndGlobalSection
EndGlobal
